
Microsoft Visual Studio Solution File, Format Version 12.00
# Visual Studio 15
VisualStudioVersion = 15.0.28307.572
MinimumVisualStudioVersion = 10.0.40219.1
Project("{FAE04EC0-301F-11D3-BF4B-00C04F79EFBC}") = "Requester", "Requester\Requester.csproj", "{62A002E4-6966-42A4-9366-ADA3A6B8B1D5}"
EndProject
Project("{FAE04EC0-301F-11D3-BF4B-00C04F79EFBC}") = "Processor", "Processor\Processor.csproj", "{0555715A-C126-46B9-90E2-44430B25D372}"
EndProject
Project("{FAE04EC0-301F-11D3-BF4B-00C04F79EFBC}") = "Common", "Common\Common.csproj", "{464B58E7-59A3-45EE-A676-2FAAF06A5FBF}"
EndProject
Global
	GlobalSection(SolutionConfigurationPlatforms) = preSolution
		Debug|Any CPU = Debug|Any CPU
		Release|Any CPU = Release|Any CPU
	EndGlobalSection
	GlobalSection(ProjectConfigurationPlatforms) = postSolution
		{62A002E4-6966-42A4-9366-ADA3A6B8B1D5}.Debug|Any CPU.ActiveCfg = Debug|Any CPU
		{62A002E4-6966-42A4-9366-ADA3A6B8B1D5}.Debug|Any CPU.Build.0 = Debug|Any CPU
		{62A002E4-6966-42A4-9366-ADA3A6B8B1D5}.Release|Any CPU.ActiveCfg = Release|Any CPU
		{62A002E4-6966-42A4-9366-ADA3A6B8B1D5}.Release|Any CPU.Build.0 = Release|Any CPU
		{0555715A-C126-46B9-90E2-44430B25D372}.Debug|Any CPU.ActiveCfg = Debug|Any CPU
		{0555715A-C126-46B9-90E2-44430B25D372}.Debug|Any CPU.Build.0 = Debug|Any CPU
		{0555715A-C126-46B9-90E2-44430B25D372}.Release|Any CPU.ActiveCfg = Release|Any CPU
		{0555715A-C126-46B9-90E2-44430B25D372}.Release|Any CPU.Build.0 = Release|Any CPU
		{464B58E7-59A3-45EE-A676-2FAAF06A5FBF}.Debug|Any CPU.ActiveCfg = Debug|Any CPU
		{464B58E7-59A3-45EE-A676-2FAAF06A5FBF}.Debug|Any CPU.Build.0 = Debug|Any CPU
		{464B58E7-59A3-45EE-A676-2FAAF06A5FBF}.Release|Any CPU.ActiveCfg = Release|Any CPU
		{464B58E7-59A3-45EE-A676-2FAAF06A5FBF}.Release|Any CPU.Build.0 = Release|Any CPU
	EndGlobalSection
	GlobalSection(SolutionProperties) = preSolution
		HideSolutionNode = FALSE
	EndGlobalSection
	GlobalSection(ExtensibilityGlobals) = postSolution
		SolutionGuid = {2111591C-18AB-478B-85A5-EF4838221D2B}
	EndGlobalSection
EndGlobal
